
Microsoft Visual Studio Solution File, Format Version 12.00
# Visual Studio Version 16
VisualStudioVersion = 16.0.31005.135
MinimumVisualStudioVersion = 10.0.40219.1
Project("{FAE04EC0-301F-11D3-BF4B-00C04F79EFBC}") = "Mvc50Begin", "Mvc50Begin\Mvc50Begin.csproj", "{B66F7A3A-4168-4632-89BC-E0068588F4A3}"
EndProject
Global
	GlobalSection(SolutionConfigurationPlatforms) = preSolution
		Debug|Any CPU = Debug|Any CPU
		Release|Any CPU = Release|Any CPU
	EndGlobalSection
	GlobalSection(ProjectConfigurationPlatforms) = postSolution
		{B66F7A3A-4168-4632-89BC-E0068588F4A3}.Debug|Any CPU.ActiveCfg = Debug|Any CPU
		{B66F7A3A-4168-4632-89BC-E0068588F4A3}.Debug|Any CPU.Build.0 = Debug|Any CPU
		{B66F7A3A-4168-4632-89BC-E0068588F4A3}.Release|Any CPU.ActiveCfg = Release|Any CPU
		{B66F7A3A-4168-4632-89BC-E0068588F4A3}.Release|Any CPU.Build.0 = Release|Any CPU
	EndGlobalSection
	GlobalSection(SolutionProperties) = preSolution
		HideSolutionNode = FALSE
	EndGlobalSection
	GlobalSection(ExtensibilityGlobals) = postSolution
		SolutionGuid = {3310481B-69C5-4B34-AA5C-772FAAF90002}
	EndGlobalSection
EndGlobal
